
Microsoft Visual Studio Solution File, Format Version 12.00
# Visual Studio 15
VisualStudioVersion = 15.0.27428.2043
MinimumVisualStudioVersion = 10.0.40219.1
Project("{FAE04EC0-301F-11D3-BF4B-00C04F79EFBC}") = "ZdrowiePlus", "ZdrowiePlus\ZdrowiePlus.csproj", "{E9650E26-2830-40F3-826F-7B8326755445}"
EndProject
Global
	GlobalSection(SolutionConfigurationPlatforms) = preSolution
		Debug|Any CPU = Debug|Any CPU
		Release|Any CPU = Release|Any CPU
	EndGlobalSection
	GlobalSection(ProjectConfigurationPlatforms) = postSolution
		{E9650E26-2830-40F3-826F-7B8326755445}.Debug|Any CPU.ActiveCfg = Debug|Any CPU
		{E9650E26-2830-40F3-826F-7B8326755445}.Debug|Any CPU.Build.0 = Debug|Any CPU
		{E9650E26-2830-40F3-826F-7B8326755445}.Debug|Any CPU.Deploy.0 = Debug|Any CPU
		{E9650E26-2830-40F3-826F-7B8326755445}.Release|Any CPU.ActiveCfg = Release|Any CPU
		{E9650E26-2830-40F3-826F-7B8326755445}.Release|Any CPU.Build.0 = Release|Any CPU
		{E9650E26-2830-40F3-826F-7B8326755445}.Release|Any CPU.Deploy.0 = Release|Any CPU
	EndGlobalSection
	GlobalSection(SolutionProperties) = preSolution
		HideSolutionNode = FALSE
	EndGlobalSection
	GlobalSection(ExtensibilityGlobals) = postSolution
		SolutionGuid = {46C5B7F7-928C-4B98-9677-6BF52D287B26}
	EndGlobalSection
EndGlobal
